{
  "nodes": {
    "bscpkgs": {
      "inputs": {
        "nixpkgs": [
          "nixpkgs"
        ]
      },
      "locked": {
        "lastModified": 1705310446,
        "narHash": "sha256-PaPnkGotb2omIV6OsS72MGkqNN6Q/iHLlXQZ6S3vWOY=",
        "ref": "refs/heads/master",
        "rev": "3b21a32d835ff06741d5d59cd023ff2ae1ecb19f",
        "revCount": 932,
        "type": "git",
        "url": "https://git.sr.ht/~rodarima/bscpkgs"
      },
      "original": {
        "type": "git",
        "url": "https://git.sr.ht/~rodarima/bscpkgs"
      }
    },
    "nixpkgs": {
      "locked": {
        "lastModified": 1693663421,
        "narHash": "sha256-ImMIlWE/idjcZAfxKK8sQA7A1Gi/O58u5/CJA+mxvl8=",
        "path": "/nix/store/wl5m5xfayd69ycyspzyd4rilfgl6wmh0-source",
        "rev": "e56990880811a451abd32515698c712788be5720",
        "type": "path"
      },
      "original": {
        "id": "nixpkgs",
        "type": "indirect"
      }
    },
    "root": {
      "inputs": {
        "bscpkgs": "bscpkgs",
        "nixpkgs": "nixpkgs"
      }
    }
  },
  "root": "root",
  "version": 7
}
