{
  "nodes": {
    "bscpkgs": {
      "inputs": {
        "nixpkgs": [
          "nixpkgs"
        ]
      },
      "locked": {
        "lastModified": 1701968480,
        "narHash": "sha256-YoKN8FZllNQfpEpMqGOBv77kp9J0mlVRlhixWbcDqWg=",
        "ref": "refs/heads/master",
        "rev": "c4d5135fde108401417fdcdf5e1c8d11aeca4f32",
        "revCount": 931,
        "type": "git",
        "url": "https://git.sr.ht/~rodarima/bscpkgs"
      },
      "original": {
        "type": "git",
        "url": "https://git.sr.ht/~rodarima/bscpkgs"
      }
    },
    "nixpkgs": {
      "locked": {
        "lastModified": 1693663421,
        "narHash": "sha256-ImMIlWE/idjcZAfxKK8sQA7A1Gi/O58u5/CJA+mxvl8=",
        "path": "/nix/store/wl5m5xfayd69ycyspzyd4rilfgl6wmh0-source",
        "rev": "e56990880811a451abd32515698c712788be5720",
        "type": "path"
      },
      "original": {
        "id": "nixpkgs",
        "type": "indirect"
      }
    },
    "root": {
      "inputs": {
        "bscpkgs": "bscpkgs",
        "nixpkgs": "nixpkgs"
      }
    }
  },
  "root": "root",
  "version": 7
}
