{
  "nodes": {
    "bscpkgs": {
      "inputs": {
        "nixpkgs": [
          "nixpkgs"
        ]
      },
      "locked": {
        "lastModified": 1741357271,
        "narHash": "sha256-tmCTFMtk+JGUMtZCND9wwIoqxt5ASpEaWkWM5EjLAFI=",
        "ref": "refs/heads/master",
        "rev": "f962816eabd534eafe948499322589921f230e72",
        "revCount": 958,
        "type": "git",
        "url": "https://git.sr.ht/~rodarima/bscpkgs"
      },
      "original": {
        "type": "git",
        "url": "https://git.sr.ht/~rodarima/bscpkgs"
      }
    },
    "nixpkgs": {
      "locked": {
        "lastModified": 1736867362,
        "narHash": "sha256-i/UJ5I7HoqmFMwZEH6vAvBxOrjjOJNU739lnZnhUln8=",
        "owner": "NixOS",
        "repo": "nixpkgs",
        "rev": "9c6b49aeac36e2ed73a8c472f1546f6d9cf1addc",
        "type": "github"
      },
      "original": {
        "id": "nixpkgs",
        "rev": "9c6b49aeac36e2ed73a8c472f1546f6d9cf1addc",
        "type": "indirect"
      }
    },
    "root": {
      "inputs": {
        "bscpkgs": "bscpkgs",
        "nixpkgs": "nixpkgs"
      }
    }
  },
  "root": "root",
  "version": 7
}
